// !$*UTF8*$!
{
	archiveVersion = 1;
	classes = {
	};
	objectVersion = 54;
	objects = {

/* Begin PBXBuildFile section */
		0889B41F8CD2F59CB021245B /* Launchscreen.storyboard in Resources */ = {isa = PBXBuildFile; fileRef = 27811383B78AB28C46DEE3D3 /* Launchscreen.storyboard */; };
		1452B7D9669A6023EA8122D3 /* AppDelegate.m in Sources */ = {isa = PBXBuildFile; fileRef = BE95A56F18A296B291D787AF /* AppDelegate.m */; };
		71C21F65A2D90048384445DC /* main.m in Sources */ = {isa = PBXBuildFile; fileRef = 1D0122C34467713554ADAB07 /* main.m */; };
		A7BE29997835F239AEB7E507 /* SceneDelegate.m in Sources */ = {isa = PBXBuildFile; fileRef = 7FE7CC6F027FB2C5C64A3FAC /* SceneDelegate.m */; };
		C495DCDCEF09039679C99940 /* DemoViewController.m in Sources */ = {isa = PBXBuildFile; fileRef = 697CCF18221D629419529DE4 /* DemoViewController.m */; };
/* End PBXBuildFile section */

/* Begin PBXFileReference section */
		1D0122C34467713554ADAB07 /* main.m */ = {isa = PBXFileReference; lastKnownFileType = sourcecode.c.objc; path = main.m; sourceTree = "<group>"; };
		21FF2E48859E760871EC58F1 /* AppDelegate.h */ = {isa = PBXFileReference; lastKnownFileType = sourcecode.c.h; path = AppDelegate.h; sourceTree = "<group>"; };
		27811383B78AB28C46DEE3D3 /* Launchscreen.storyboard */ = {isa = PBXFileReference; lastKnownFileType = file.storyboard; path = Launchscreen.storyboard; sourceTree = "<group>"; };
		338F86F382301E5CA5497FD7 /* ObjCSwiftUIDemo-Bridging-Header.h */ = {isa = PBXFileReference; lastKnownFileType = sourcecode.c.h; path = "ObjCSwiftUIDemo-Bridging-Header.h"; sourceTree = "<group>"; };
		3F52A501C71343C8EC349034 /* SceneDelegate.h */ = {isa = PBXFileReference; lastKnownFileType = sourcecode.c.h; path = SceneDelegate.h; sourceTree = "<group>"; };
		435FF35AEFC713F41E4809CC /* DemoViewController.h */ = {isa = PBXFileReference; lastKnownFileType = sourcecode.c.h; path = DemoViewController.h; sourceTree = "<group>"; };
		697CCF18221D629419529DE4 /* DemoViewController.m */ = {isa = PBXFileReference; lastKnownFileType = sourcecode.c.objc; path = DemoViewController.m; sourceTree = "<group>"; };
		7FE7CC6F027FB2C5C64A3FAC /* SceneDelegate.m */ = {isa = PBXFileReference; lastKnownFileType = sourcecode.c.objc; path = SceneDelegate.m; sourceTree = "<group>"; };
		8D0F3FD328DBBC598EF72066 /* ObjCSwiftUIDemo.app */ = {isa = PBXFileReference; includeInIndex = 0; lastKnownFileType = wrapper.application; path = ObjCSwiftUIDemo.app; sourceTree = BUILT_PRODUCTS_DIR; };
		B415EBA9BADBC4A395199960 /* Info.plist */ = {isa = PBXFileReference; lastKnownFileType = text.plist; path = Info.plist; sourceTree = "<group>"; };
		BE95A56F18A296B291D787AF /* AppDelegate.m */ = {isa = PBXFileReference; lastKnownFileType = sourcecode.c.objc; path = AppDelegate.m; sourceTree = "<group>"; };
/* End PBXFileReference section */

/* Begin PBXGroup section */
		2CF4803AB6664DEEACA71896 /* Supporting_Files */ = {
			isa = PBXGroup;
			children = (
				B415EBA9BADBC4A395199960 /* Info.plist */,
				27811383B78AB28C46DEE3D3 /* Launchscreen.storyboard */,
				338F86F382301E5CA5497FD7 /* ObjCSwiftUIDemo-Bridging-Header.h */,
			);
			path = Supporting_Files;
			sourceTree = "<group>";
		};
		4F1B197D9060AA868520A08F /* ViewControllers */ = {
			isa = PBXGroup;
			children = (
				435FF35AEFC713F41E4809CC /* DemoViewController.h */,
				697CCF18221D629419529DE4 /* DemoViewController.m */,
			);
			path = ViewControllers;
			sourceTree = "<group>";
		};
		821169338BB7484EBAB51C93 /* App */ = {
			isa = PBXGroup;
			children = (
				21FF2E48859E760871EC58F1 /* AppDelegate.h */,
				BE95A56F18A296B291D787AF /* AppDelegate.m */,
				1D0122C34467713554ADAB07 /* main.m */,
				3F52A501C71343C8EC349034 /* SceneDelegate.h */,
				7FE7CC6F027FB2C5C64A3FAC /* SceneDelegate.m */,
			);
			path = App;
			sourceTree = "<group>";
		};
		91FB7CA6A9CDDD037BC383B6 = {
			isa = PBXGroup;
			children = (
				F120D08FC8F8D5764CAD6E96 /* ObjCSwiftUIDemo */,
				F71F78B1DB619C5D9CCC36AA /* Products */,
			);
			sourceTree = "<group>";
		};
		F120D08FC8F8D5764CAD6E96 /* ObjCSwiftUIDemo */ = {
			isa = PBXGroup;
			children = (
				821169338BB7484EBAB51C93 /* App */,
				2CF4803AB6664DEEACA71896 /* Supporting_Files */,
				4F1B197D9060AA868520A08F /* ViewControllers */,
			);
			path = ObjCSwiftUIDemo;
			sourceTree = "<group>";
		};
		F71F78B1DB619C5D9CCC36AA /* Products */ = {
			isa = PBXGroup;
			children = (
				8D0F3FD328DBBC598EF72066 /* ObjCSwiftUIDemo.app */,
			);
			name = Products;
			sourceTree = "<group>";
		};
/* End PBXGroup section */

/* Begin PBXNativeTarget section */
		821406324614C77ED0067CA4 /* ObjCSwiftUIDemo */ = {
			isa = PBXNativeTarget;
			buildConfigurationList = 63E04376E23C19C721F0FCBC /* Build configuration list for PBXNativeTarget "ObjCSwiftUIDemo" */;
			buildPhases = (
				AF51AD99AC0B73426289141D /* Sources */,
				64F17EE0407C7967371B7674 /* Resources */,
			);
			buildRules = (
			);
			dependencies = (
			);
			name = ObjCSwiftUIDemo;
			productName = ObjCSwiftUIDemo;
			productReference = 8D0F3FD328DBBC598EF72066 /* ObjCSwiftUIDemo.app */;
			productType = "com.apple.product-type.application";
		};
/* End PBXNativeTarget section */

/* Begin PBXProject section */
		B2A2554F759458D49FB9BEEA /* Project object */ = {
			isa = PBXProject;
			attributes = {
				BuildIndependentTargetsInParallel = YES;
				LastUpgradeCheck = 1400;
				TargetAttributes = {
					821406324614C77ED0067CA4 = {
						DevelopmentTeam = LHA84NAPNA;
					};
				};
			};
			buildConfigurationList = 5590268BCFD5E6CCD9D2B19C /* Build configuration list for PBXProject "ObjCSwiftUIDemo" */;
			compatibilityVersion = "Xcode 14.0";
			developmentRegion = en;
			hasScannedForEncodings = 0;
			knownRegions = (
				Base,
				en,
			);
			mainGroup = 91FB7CA6A9CDDD037BC383B6;
			projectDirPath = "";
			projectRoot = "";
			targets = (
				821406324614C77ED0067CA4 /* ObjCSwiftUIDemo */,
			);
		};
/* End PBXProject section */

/* Begin PBXResourcesBuildPhase section */
		64F17EE0407C7967371B7674 /* Resources */ = {
			isa = PBXResourcesBuildPhase;
			buildActionMask = 2147483647;
			files = (
				0889B41F8CD2F59CB021245B /* Launchscreen.storyboard in Resources */,
			);
			runOnlyForDeploymentPostprocessing = 0;
		};
/* End PBXResourcesBuildPhase section */

/* Begin PBXSourcesBuildPhase section */
		AF51AD99AC0B73426289141D /* Sources */ = {
			isa = PBXSourcesBuildPhase;
			buildActionMask = 2147483647;
			files = (
				1452B7D9669A6023EA8122D3 /* AppDelegate.m in Sources */,
				C495DCDCEF09039679C99940 /* DemoViewController.m in Sources */,
				A7BE29997835F239AEB7E507 /* SceneDelegate.m in Sources */,
				71C21F65A2D90048384445DC /* main.m in Sources */,
			);
			runOnlyForDeploymentPostprocessing = 0;
		};
/* End PBXSourcesBuildPhase section */

/* Begin XCBuildConfiguration section */
		198EAD4BFCBF0B8CEDF1BAB8 /* Debug */ = {
			isa = XCBuildConfiguration;
			buildSettings = {
				ALWAYS_SEARCH_USER_PATHS = NO;
				CLANG_ANALYZER_NONNULL = YES;
				CLANG_ANALYZER_NUMBER_OBJECT_CONVERSION = YES_AGGRESSIVE;
				CLANG_CXX_LANGUAGE_STANDARD = "gnu++14";
				CLANG_CXX_LIBRARY = "libc++";
				CLANG_ENABLE_MODULES = YES;
				CLANG_ENABLE_OBJC_ARC = YES;
				CLANG_ENABLE_OBJC_WEAK = YES;
				CLANG_WARN_BLOCK_CAPTURE_AUTORELEASING = YES;
				CLANG_WARN_BOOL_CONVERSION = YES;
				CLANG_WARN_COMMA = YES;
				CLANG_WARN_CONSTANT_CONVERSION = YES;
				CLANG_WARN_DEPRECATED_OBJC_IMPLEMENTATIONS = YES;
				CLANG_WARN_DIRECT_OBJC_ISA_USAGE = YES_ERROR;
				CLANG_WARN_DOCUMENTATION_COMMENTS = YES;
				CLANG_WARN_EMPTY_BODY = YES;
				CLANG_WARN_ENUM_CONVERSION = YES;
				CLANG_WARN_INFINITE_RECURSION = YES;
				CLANG_WARN_INT_CONVERSION = YES;
				CLANG_WARN_NON_LITERAL_NULL_CONVERSION = YES;
				CLANG_WARN_OBJC_IMPLICIT_RETAIN_SELF = YES;
				CLANG_WARN_OBJC_LITERAL_CONVERSION = YES;
				CLANG_WARN_OBJC_ROOT_CLASS = YES_ERROR;
				CLANG_WARN_QUOTED_INCLUDE_IN_FRAMEWORK_HEADER = YES;
				CLANG_WARN_RANGE_LOOP_ANALYSIS = YES;
				CLANG_WARN_STRICT_PROTOTYPES = YES;
				CLANG_WARN_SUSPICIOUS_MOVE = YES;
				CLANG_WARN_UNGUARDED_AVAILABILITY = YES_AGGRESSIVE;
				CLANG_WARN_UNREACHABLE_CODE = YES;
				CLANG_WARN__DUPLICATE_METHOD_MATCH = YES;
				COPY_PHASE_STRIP = NO;
				DEBUG_INFORMATION_FORMAT = dwarf;
				DEVELOPMENT_TEAM = LHA84NAPNA;
				ENABLE_STRICT_OBJC_MSGSEND = YES;
				ENABLE_TESTABILITY = YES;
				GCC_C_LANGUAGE_STANDARD = gnu11;
				GCC_DYNAMIC_NO_PIC = NO;
				GCC_NO_COMMON_BLOCKS = YES;
				GCC_OPTIMIZATION_LEVEL = 0;
				GCC_PREPROCESSOR_DEFINITIONS = (
					"$(inherited)",
					"DEBUG=1",
				);
				GCC_WARN_64_TO_32_BIT_CONVERSION = YES;
				GCC_WARN_ABOUT_RETURN_TYPE = YES_ERROR;
				GCC_WARN_UNDECLARED_SELECTOR = YES;
				GCC_WARN_UNINITIALIZED_AUTOS = YES_AGGRESSIVE;
				GCC_WARN_UNUSED_FUNCTION = YES;
				GCC_WARN_UNUSED_VARIABLE = YES;
				IPHONEOS_DEPLOYMENT_TARGET = 14.0;
				MTL_ENABLE_DEBUG_INFO = INCLUDE_SOURCE;
				MTL_FAST_MATH = YES;
				ONLY_ACTIVE_ARCH = YES;
				PRODUCT_NAME = "$(TARGET_NAME)";
				SDKROOT = iphoneos;
				SWIFT_ACTIVE_COMPILATION_CONDITIONS = DEBUG;
				SWIFT_OPTIMIZATION_LEVEL = "-Onone";
				SWIFT_VERSION = 5.0;
			};
			name = Debug;
		};
		534666E81F64D6B2825665A7 /* Debug */ = {
			isa = XCBuildConfiguration;
			buildSettings = {
				ASSETCATALOG_COMPILER_APPICON_NAME = AppIcon;
				CODE_SIGN_IDENTITY = "iPhone Developer";
				INFOPLIST_FILE = ObjCSwiftUIDemo/Supporting_Files/Info.plist;
				LD_RUNPATH_SEARCH_PATHS = (
					"$(inherited)",
					"@executable_path/Frameworks",
				);
				PRODUCT_BUNDLE_IDENTIFIER = com.example.ObjCSwiftUIDemo;
				PRODUCT_MODULE_NAME = ObjCSwiftUIDemo;
				SDKROOT = iphoneos;
				TARGETED_DEVICE_FAMILY = "1,2";
			};
			name = Debug;
		};
		A4815D632853261EB6D4C299 /* Release */ = {
			isa = XCBuildConfiguration;
			buildSettings = {
				ALWAYS_SEARCH_USER_PATHS = NO;
				CLANG_ANALYZER_NONNULL = YES;
				CLANG_ANALYZER_NUMBER_OBJECT_CONVERSION = YES_AGGRESSIVE;
				CLANG_CXX_LANGUAGE_STANDARD = "gnu++14";
				CLANG_CXX_LIBRARY = "libc++";
				CLANG_ENABLE_MODULES = YES;
				CLANG_ENABLE_OBJC_ARC = YES;
				CLANG_ENABLE_OBJC_WEAK = YES;
				CLANG_WARN_BLOCK_CAPTURE_AUTORELEASING = YES;
				CLANG_WARN_BOOL_CONVERSION = YES;
				CLANG_WARN_COMMA = YES;
				CLANG_WARN_CONSTANT_CONVERSION = YES;
				CLANG_WARN_DEPRECATED_OBJC_IMPLEMENTATIONS = YES;
				CLANG_WARN_DIRECT_OBJC_ISA_USAGE = YES_ERROR;
				CLANG_WARN_DOCUMENTATION_COMMENTS = YES;
				CLANG_WARN_EMPTY_BODY = YES;
				CLANG_WARN_ENUM_CONVERSION = YES;
				CLANG_WARN_INFINITE_RECURSION = YES;
				CLANG_WARN_INT_CONVERSION = YES;
				CLANG_WARN_NON_LITERAL_NULL_CONVERSION = YES;
				CLANG_WARN_OBJC_IMPLICIT_RETAIN_SELF = YES;
				CLANG_WARN_OBJC_LITERAL_CONVERSION = YES;
				CLANG_WARN_OBJC_ROOT_CLASS = YES_ERROR;
				CLANG_WARN_QUOTED_INCLUDE_IN_FRAMEWORK_HEADER = YES;
				CLANG_WARN_RANGE_LOOP_ANALYSIS = YES;
				CLANG_WARN_STRICT_PROTOTYPES = YES;
				CLANG_WARN_SUSPICIOUS_MOVE = YES;
				CLANG_WARN_UNGUARDED_AVAILABILITY = YES_AGGRESSIVE;
				CLANG_WARN_UNREACHABLE_CODE = YES;
				CLANG_WARN__DUPLICATE_METHOD_MATCH = YES;
				COPY_PHASE_STRIP = NO;
				DEBUG_INFORMATION_FORMAT = "dwarf-with-dsym";
				DEVELOPMENT_TEAM = LHA84NAPNA;
				ENABLE_NS_ASSERTIONS = NO;
				ENABLE_STRICT_OBJC_MSGSEND = YES;
				GCC_C_LANGUAGE_STANDARD = gnu11;
				GCC_NO_COMMON_BLOCKS = YES;
				GCC_WARN_64_TO_32_BIT_CONVERSION = YES;
				GCC_WARN_ABOUT_RETURN_TYPE = YES_ERROR;
				GCC_WARN_UNDECLARED_SELECTOR = YES;
				GCC_WARN_UNINITIALIZED_AUTOS = YES_AGGRESSIVE;
				GCC_WARN_UNUSED_FUNCTION = YES;
				GCC_WARN_UNUSED_VARIABLE = YES;
				IPHONEOS_DEPLOYMENT_TARGET = 14.0;
				MTL_ENABLE_DEBUG_INFO = NO;
				MTL_FAST_MATH = YES;
				PRODUCT_NAME = "$(TARGET_NAME)";
				SDKROOT = iphoneos;
				SWIFT_COMPILATION_MODE = wholemodule;
				SWIFT_OPTIMIZATION_LEVEL = "-O";
				SWIFT_VERSION = 5.0;
			};
			name = Release;
		};
		C48B353747D28F945A61C786 /* Release */ = {
			isa = XCBuildConfiguration;
			buildSettings = {
				ASSETCATALOG_COMPILER_APPICON_NAME = AppIcon;
				CODE_SIGN_IDENTITY = "iPhone Developer";
				INFOPLIST_FILE = ObjCSwiftUIDemo/Supporting_Files/Info.plist;
				LD_RUNPATH_SEARCH_PATHS = (
					"$(inherited)",
					"@executable_path/Frameworks",
				);
				PRODUCT_BUNDLE_IDENTIFIER = com.example.ObjCSwiftUIDemo;
				PRODUCT_MODULE_NAME = ObjCSwiftUIDemo;
				SDKROOT = iphoneos;
				TARGETED_DEVICE_FAMILY = "1,2";
			};
			name = Release;
		};
/* End XCBuildConfiguration section */

/* Begin XCConfigurationList section */
		5590268BCFD5E6CCD9D2B19C /* Build configuration list for PBXProject "ObjCSwiftUIDemo" */ = {
			isa = XCConfigurationList;
			buildConfigurations = (
				198EAD4BFCBF0B8CEDF1BAB8 /* Debug */,
				A4815D632853261EB6D4C299 /* Release */,
			);
			defaultConfigurationIsVisible = 0;
			defaultConfigurationName = Debug;
		};
		63E04376E23C19C721F0FCBC /* Build configuration list for PBXNativeTarget "ObjCSwiftUIDemo" */ = {
			isa = XCConfigurationList;
			buildConfigurations = (
				534666E81F64D6B2825665A7 /* Debug */,
				C48B353747D28F945A61C786 /* Release */,
			);
			defaultConfigurationIsVisible = 0;
			defaultConfigurationName = Debug;
		};
/* End XCConfigurationList section */
	};
	rootObject = B2A2554F759458D49FB9BEEA /* Project object */;
}
